{
    "_readme": [
        "This file locks the dependencies of your project to a known state",
        "Read more about it at https://getcomposer.org/doc/01-basic-usage.md#composer-lock-the-lock-file",
        "This file is @generated automatically"
    ],
    "content-hash": "adfa9be5b469d18af72f14ab18080f5d",
    "packages": [
        {
            "name": "knplabs/knp-snappy",
            "version": "2.0.x-dev",
            "source": {
                "type": "git",
                "url": "https://github.com/KnpLabs/snappy.git",
                "reference": "feb513b10edd4e48e102f7b821ad4cd5b6fb1fa4"
            },
            "dist": {
                "type": "zip",
                "url": "https://api.github.com/repos/KnpLabs/snappy/zipball/feb513b10edd4e48e102f7b821ad4cd5b6fb1fa4",
                "reference": "feb513b10edd4e48e102f7b821ad4cd5b6fb1fa4",
                "shasum": ""
            },
            "require": {
                "php": ">=7.0",
                "psr/log": "^1.0",
                "symfony/process": "~2.3|~3.0"
            },
            "require-dev": {
                "phpunit/phpunit": "~6.3"
            },
            "suggest": {
                "h4cc/wkhtmltoimage-amd64": "Provides wkhtmltoimage-amd64 binary for Linux-compatible machines, use version `~0.12` as dependency",
                "h4cc/wkhtmltoimage-i386": "Provides wkhtmltoimage-i386 binary for Linux-compatible machines, use version `~0.12` as dependency",
                "h4cc/wkhtmltopdf-amd64": "Provides wkhtmltopdf-amd64 binary for Linux-compatible machines, use version `~0.12` as dependency",
                "h4cc/wkhtmltopdf-i386": "Provides wkhtmltopdf-i386 binary for Linux-compatible machines, use version `~0.12` as dependency",
                "wemersonjanuario/wkhtmltopdf-windows": "Provides wkhtmltopdf executable for Windows, use version `~0.12` as dependency"
            },
            "type": "library",
            "extra": {
                "branch-alias": {
                    "dev-master": "2.x-dev"
                }
            },
            "autoload": {
                "psr-4": {
                    "Knp\\Snappy\\": "src/Knp/Snappy"
                }
            },
            "notification-url": "https://packagist.org/downloads/",
            "license": [
                "MIT"
            ],
            "authors": [
                {
                    "name": "KnpLabs Team",
                    "homepage": "http://knplabs.com"
                },
                {
                    "name": "Symfony Community",
                    "homepage": "http://github.com/KnpLabs/snappy/contributors"
                }
            ],
            "description": "PHP5 library allowing thumbnail, snapshot or PDF generation from a url or a html page. Wrapper for wkhtmltopdf/wkhtmltoimage.",
            "homepage": "http://github.com/KnpLabs/snappy",
            "keywords": [
                "knp",
                "knplabs",
                "pdf",
                "snapshot",
                "thumbnail",
                "wkhtmltopdf"
            ],
            "time": "2017-11-21T12:08:25+00:00"
        },
        {
            "name": "psr/log",
            "version": "1.0.2",
            "source": {
                "type": "git",
                "url": "https://github.com/php-fig/log.git",
                "reference": "4ebe3a8bf773a19edfe0a84b6585ba3d401b724d"
            },
            "dist": {
                "type": "zip",
                "url": "https://api.github.com/repos/php-fig/log/zipball/4ebe3a8bf773a19edfe0a84b6585ba3d401b724d",
                "reference": "4ebe3a8bf773a19edfe0a84b6585ba3d401b724d",
                "shasum": ""
            },
            "require": {
                "php": ">=5.3.0"
            },
            "type": "library",
            "extra": {
                "branch-alias": {
                    "dev-master": "1.0.x-dev"
                }
            },
            "autoload": {
                "psr-4": {
                    "Psr\\Log\\": "Psr/Log/"
                }
            },
            "notification-url": "https://packagist.org/downloads/",
            "license": [
                "MIT"
            ],
            "authors": [
                {
                    "name": "PHP-FIG",
                    "homepage": "http://www.php-fig.org/"
                }
            ],
            "description": "Common interface for logging libraries",
            "homepage": "https://github.com/php-fig/log",
            "keywords": [
                "log",
                "psr",
                "psr-3"
            ],
            "time": "2016-10-10T12:19:37+00:00"
        },
        {
            "name": "symfony/process",
            "version": "v3.4.3",
            "source": {
                "type": "git",
                "url": "https://github.com/symfony/process.git",
                "reference": "ff69f110c6b33fd33cd2089ba97d6112f44ef0ba"
            },
            "dist": {
                "type": "zip",
                "url": "https://api.github.com/repos/symfony/process/zipball/ff69f110c6b33fd33cd2089ba97d6112f44ef0ba",
                "reference": "ff69f110c6b33fd33cd2089ba97d6112f44ef0ba",
                "shasum": ""
            },
            "require": {
                "php": "^5.5.9|>=7.0.8"
            },
            "type": "library",
            "extra": {
                "branch-alias": {
                    "dev-master": "3.4-dev"
                }
            },
            "autoload": {
                "psr-4": {
                    "Symfony\\Component\\Process\\": ""
                },
                "exclude-from-classmap": [
                    "/Tests/"
                ]
            },
            "notification-url": "https://packagist.org/downloads/",
            "license": [
                "MIT"
            ],
            "authors": [
                {
                    "name": "Fabien Potencier",
                    "email": "fabien@symfony.com"
                },
                {
                    "name": "Symfony Community",
                    "homepage": "https://symfony.com/contributors"
                }
            ],
            "description": "Symfony Process Component",
            "homepage": "https://symfony.com",
            "time": "2018-01-03T07:37:34+00:00"
        },
        {
            "name": "wemersonjanuario/wkhtmltox-windows-64bit",
            "version": "0.12.2.4",
            "source": {
                "type": "git",
                "url": "https://github.com/wemersonjanuario/wkhtmltox-windows-64bit.git",
                "reference": "5e3ebf1e6599190fc5503befb7e8c5ce5030995b"
            },
            "dist": {
                "type": "zip",
                "url": "https://api.github.com/repos/wemersonjanuario/wkhtmltox-windows-64bit/zipball/5e3ebf1e6599190fc5503befb7e8c5ce5030995b",
                "reference": "5e3ebf1e6599190fc5503befb7e8c5ce5030995b",
                "shasum": ""
            },
            "suggest": {
                "h4cc/wkhtmltopdf-amd64": "*",
                "h4cc/wkhtmltopdf-i386": "*",
                "wemersonjanuario/laravelpdf": "1.0.*"
            },
            "bin": [
                "bin/wkhtmltopdf.exe",
                "bin/wkhtmltoimage.exe"
            ],
            "type": "library",
            "notification-url": "https://packagist.org/downloads/",
            "license": [
                "LGPL Version 3"
            ],
            "authors": [
                {
                    "name": "Wemerson Januario",
                    "email": "wemerson.januario@gmail.com",
                    "homepage": "http://wemersonjanuario.com.br"
                }
            ],
            "description": "Convert html to pdf/images using webkit (qtwebkit). Static linked windows binary for 64 bit systems.",
            "homepage": "http://wkhtmltopdf.org/",
            "keywords": [
                "binary",
                "convert",
                "htmltoimage",
                "htmltopdf",
                "pdf",
                "snapshot",
                "thumbnail",
                "wkhtmltoimage",
                "wkhtmltopdf",
                "wkhtmltox"
            ],
            "time": "2015-09-23T20:18:12+00:00"
        }
    ],
    "packages-dev": [],
    "aliases": [],
    "minimum-stability": "stable",
    "stability-flags": {
        "knplabs/knp-snappy": 20
    },
    "prefer-stable": false,
    "prefer-lowest": false,
    "platform": [],
    "platform-dev": []
}
